
Microsoft Visual Studio Solution File, Format Version 12.00
# Visual Studio 15
VisualStudioVersion = 15.0.28307.421
MinimumVisualStudioVersion = 10.0.40219.1
Project("{2150E333-8FDC-42A3-9474-1A3956D46DE8}") = "Solution Items", "Solution Items", "{363A22E9-2009-4A23-B231-9C4C7B20C0EC}"
	ProjectSection(SolutionItems) = preProject
		myForms.js = myForms.js
	EndProjectSection
EndProject
Global
	GlobalSection(SolutionProperties) = preSolution
		HideSolutionNode = FALSE
	EndGlobalSection
	GlobalSection(ExtensibilityGlobals) = postSolution
		SolutionGuid = {0EF3C769-BF0F-402D-8DA4-8C205F826FC4}
	EndGlobalSection
EndGlobal
